
Microsoft Visual Studio Solution File, Format Version 12.00
# Visual Studio 15
VisualStudioVersion = 15.0.28307.168
MinimumVisualStudioVersion = 10.0.40219.1
Project("{FAE04EC0-301F-11D3-BF4B-00C04F79EFBC}") = "Library.Api", "Library.Api\Library.Api.csproj", "{D00C10BD-172B-4FF0-85F5-B2412D1650DF}"
EndProject
Global
	GlobalSection(SolutionConfigurationPlatforms) = preSolution
		Debug|Any CPU = Debug|Any CPU
		Release|Any CPU = Release|Any CPU
	EndGlobalSection
	GlobalSection(ProjectConfigurationPlatforms) = postSolution
		{D00C10BD-172B-4FF0-85F5-B2412D1650DF}.Debug|Any CPU.ActiveCfg = Debug|Any CPU
		{D00C10BD-172B-4FF0-85F5-B2412D1650DF}.Debug|Any CPU.Build.0 = Debug|Any CPU
		{D00C10BD-172B-4FF0-85F5-B2412D1650DF}.Release|Any CPU.ActiveCfg = Release|Any CPU
		{D00C10BD-172B-4FF0-85F5-B2412D1650DF}.Release|Any CPU.Build.0 = Release|Any CPU
	EndGlobalSection
	GlobalSection(SolutionProperties) = preSolution
		HideSolutionNode = FALSE
	EndGlobalSection
	GlobalSection(ExtensibilityGlobals) = postSolution
		SolutionGuid = {6BA6FDC0-73EE-48E6-A4B5-EBCD81437576}
	EndGlobalSection
EndGlobal
